// !$*UTF8*$!
{
	archiveVersion = 1;
	classes = {
	};
	objectVersion = 46;
	objects = {

/* Begin PBXBuildFile section */
		E0DA1B6F1AB38B0100D23CD7 /* main.m in Sources */ = {isa = PBXBuildFile; fileRef = E0DA1B6E1AB38B0100D23CD7 /* main.m */; };
		E0DA1B721AB38B0100D23CD7 /* AppDelegate.m in Sources */ = {isa = PBXBuildFile; fileRef = E0DA1B711AB38B0100D23CD7 /* AppDelegate.m */; };
		E0DA1B751AB38B0100D23CD7 /* ViewController.m in Sources */ = {isa = PBXBuildFile; fileRef = E0DA1B741AB38B0100D23CD7 /* ViewController.m */; };
		E0DA1B781AB38B0100D23CD7 /* Main.storyboard in Resources */ = {isa = PBXBuildFile; fileRef = E0DA1B761AB38B0100D23CD7 /* Main.storyboard */; };
		E0DA1B7A1AB38B0100D23CD7 /* Images.xcassets in Resources */ = {isa = PBXBuildFile; fileRef = E0DA1B791AB38B0100D23CD7 /* Images.xcassets */; };
		E0DA1B7D1AB38B0100D23CD7 /* LaunchScreen.xib in Resources */ = {isa = PBXBuildFile; fileRef = E0DA1B7B1AB38B0100D23CD7 /* LaunchScreen.xib */; };
		E0DA1B891AB38B0100D23CD7 /* MAppingTests.m in Sources */ = {isa = PBXBuildFile; fileRef = E0DA1B881AB38B0100D23CD7 /* MAppingTests.m */; };
/* End PBXBuildFile section */

/* Begin PBXContainerItemProxy section */
		E0DA1B831AB38B0100D23CD7 /* PBXContainerItemProxy */ = {
			isa = PBXContainerItemProxy;
			containerPortal = E0DA1B611AB38B0100D23CD7 /* Project object */;
			proxyType = 1;
			remoteGlobalIDString = E0DA1B681AB38B0100D23CD7;
			remoteInfo = MApping;
		};
/* End PBXContainerItemProxy section */

/* Begin PBXFileReference section */
		E0DA1B691AB38B0100D23CD7 /* MApping.app */ = {isa = PBXFileReference; explicitFileType = wrapper.application; includeInIndex = 0; path = MApping.app; sourceTree = BUILT_PRODUCTS_DIR; };
		E0DA1B6D1AB38B0100D23CD7 /* Info.plist */ = {isa = PBXFileReference; lastKnownFileType = text.plist.xml; path = Info.plist; sourceTree = "<group>"; };
		E0DA1B6E1AB38B0100D23CD7 /* main.m */ = {isa = PBXFileReference; lastKnownFileType = sourcecode.c.objc; path = main.m; sourceTree = "<group>"; };
		E0DA1B701AB38B0100D23CD7 /* AppDelegate.h */ = {isa = PBXFileReference; lastKnownFileType = sourcecode.c.h; path = AppDelegate.h; sourceTree = "<group>"; };
		E0DA1B711AB38B0100D23CD7 /* AppDelegate.m */ = {isa = PBXFileReference; lastKnownFileType = sourcecode.c.objc; path = AppDelegate.m; sourceTree = "<group>"; };
		E0DA1B731AB38B0100D23CD7 /* ViewController.h */ = {isa = PBXFileReference; lastKnownFileType = sourcecode.c.h; path = ViewController.h; sourceTree = "<group>"; };
		E0DA1B741AB38B0100D23CD7 /* ViewController.m */ = {isa = PBXFileReference; lastKnownFileType = sourcecode.c.objc; path = ViewController.m; sourceTree = "<group>"; };
		E0DA1B771AB38B0100D23CD7 /* Base */ = {isa = PBXFileReference; lastKnownFileType = file.storyboard; name = Base; path = Base.lproj/Main.storyboard; sourceTree = "<group>"; };
		E0DA1B791AB38B0100D23CD7 /* Images.xcassets */ = {isa = PBXFileReference; lastKnownFileType = folder.assetcatalog; path = Images.xcassets; sourceTree = "<group>"; };
		E0DA1B7C1AB38B0100D23CD7 /* Base */ = {isa = PBXFileReference; lastKnownFileType = file.xib; name = Base; path = Base.lproj/LaunchScreen.xib; sourceTree = "<group>"; };
		E0DA1B821AB38B0100D23CD7 /* MAppingTests.xctest */ = {isa = PBXFileReference; explicitFileType = wrapper.cfbundle; includeInIndex = 0; path = MAppingTests.xctest; sourceTree = BUILT_PRODUCTS_DIR; };
		E0DA1B871AB38B0100D23CD7 /* Info.plist */ = {isa = PBXFileReference; lastKnownFileType = text.plist.xml; path = Info.plist; sourceTree = "<group>"; };
		E0DA1B881AB38B0100D23CD7 /* MAppingTests.m */ = {isa = PBXFileReference; lastKnownFileType = sourcecode.c.objc; path = MAppingTests.m; sourceTree = "<group>"; };
/* End PBXFileReference section */

/* Begin PBXFrameworksBuildPhase section */
		E0DA1B661AB38B0100D23CD7 /* Frameworks */ = {
			isa = PBXFrameworksBuildPhase;
			buildActionMask = 2147483647;
			files = (
			);
			runOnlyForDeploymentPostprocessing = 0;
		};
		E0DA1B7F1AB38B0100D23CD7 /* Frameworks */ = {
			isa = PBXFrameworksBuildPhase;
			buildActionMask = 2147483647;
			files = (
			);
			runOnlyForDeploymentPostprocessing = 0;
		};
/* End PBXFrameworksBuildPhase section */

/* Begin PBXGroup section */
		E0DA1B601AB38B0100D23CD7 = {
			isa = PBXGroup;
			children = (
				E0DA1B6B1AB38B0100D23CD7 /* MApping */,
				E0DA1B851AB38B0100D23CD7 /* MAppingTests */,
				E0DA1B6A1AB38B0100D23CD7 /* Products */,
			);
			sourceTree = "<group>";
		};
		E0DA1B6A1AB38B0100D23CD7 /* Products */ = {
			isa = PBXGroup;
			children = (
				E0DA1B691AB38B0100D23CD7 /* MApping.app */,
				E0DA1B821AB38B0100D23CD7 /* MAppingTests.xctest */,
			);
			name = Products;
			sourceTree = "<group>";
		};
		E0DA1B6B1AB38B0100D23CD7 /* MApping */ = {
			isa = PBXGroup;
			children = (
				E0DA1B701AB38B0100D23CD7 /* AppDelegate.h */,
				E0DA1B711AB38B0100D23CD7 /* AppDelegate.m */,
				E0DA1B731AB38B0100D23CD7 /* ViewController.h */,
				E0DA1B741AB38B0100D23CD7 /* ViewController.m */,
				E0DA1B761AB38B0100D23CD7 /* Main.storyboard */,
				E0DA1B791AB38B0100D23CD7 /* Images.xcassets */,
				E0DA1B7B1AB38B0100D23CD7 /* LaunchScreen.xib */,
				E0DA1B6C1AB38B0100D23CD7 /* Supporting Files */,
			);
			path = MApping;
			sourceTree = "<group>";
		};
		E0DA1B6C1AB38B0100D23CD7 /* Supporting Files */ = {
			isa = PBXGroup;
			children = (
				E0DA1B6D1AB38B0100D23CD7 /* Info.plist */,
				E0DA1B6E1AB38B0100D23CD7 /* main.m */,
			);
			name = "Supporting Files";
			sourceTree = "<group>";
		};
		E0DA1B851AB38B0100D23CD7 /* MAppingTests */ = {
			isa = PBXGroup;
			children = (
				E0DA1B881AB38B0100D23CD7 /* MAppingTests.m */,
				E0DA1B861AB38B0100D23CD7 /* Supporting Files */,
			);
			path = MAppingTests;
			sourceTree = "<group>";
		};
		E0DA1B861AB38B0100D23CD7 /* Supporting Files */ = {
			isa = PBXGroup;
			children = (
				E0DA1B871AB38B0100D23CD7 /* Info.plist */,
			);
			name = "Supporting Files";
			sourceTree = "<group>";
		};
/* End PBXGroup section */

/* Begin PBXNativeTarget section */
		E0DA1B681AB38B0100D23CD7 /* MApping */ = {
			isa = PBXNativeTarget;
			buildConfigurationList = E0DA1B8C1AB38B0100D23CD7 /* Build configuration list for PBXNativeTarget "MApping" */;
			buildPhases = (
				E0DA1B651AB38B0100D23CD7 /* Sources */,
				E0DA1B661AB38B0100D23CD7 /* Frameworks */,
				E0DA1B671AB38B0100D23CD7 /* Resources */,
			);
			buildRules = (
			);
			dependencies = (
			);
			name = MApping;
			productName = MApping;
			productReference = E0DA1B691AB38B0100D23CD7 /* MApping.app */;
			productType = "com.apple.product-type.application";
		};
		E0DA1B811AB38B0100D23CD7 /* MAppingTests */ = {
			isa = PBXNativeTarget;
			buildConfigurationList = E0DA1B8F1AB38B0100D23CD7 /* Build configuration list for PBXNativeTarget "MAppingTests" */;
			buildPhases = (
				E0DA1B7E1AB38B0100D23CD7 /* Sources */,
				E0DA1B7F1AB38B0100D23CD7 /* Frameworks */,
				E0DA1B801AB38B0100D23CD7 /* Resources */,
			);
			buildRules = (
			);
			dependencies = (
				E0DA1B841AB38B0100D23CD7 /* PBXTargetDependency */,
			);
			name = MAppingTests;
			productName = MAppingTests;
			productReference = E0DA1B821AB38B0100D23CD7 /* MAppingTests.xctest */;
			productType = "com.apple.product-type.bundle.unit-test";
		};
/* End PBXNativeTarget section */

/* Begin PBXProject section */
		E0DA1B611AB38B0100D23CD7 /* Project object */ = {
			isa = PBXProject;
			attributes = {
				LastUpgradeCheck = 0610;
				ORGANIZATIONNAME = "Adam Nigon";
				TargetAttributes = {
					E0DA1B681AB38B0100D23CD7 = {
						CreatedOnToolsVersion = 6.1.1;
					};
					E0DA1B811AB38B0100D23CD7 = {
						CreatedOnToolsVersion = 6.1.1;
						TestTargetID = E0DA1B681AB38B0100D23CD7;
					};
				};
			};
			buildConfigurationList = E0DA1B641AB38B0100D23CD7 /* Build configuration list for PBXProject "MApping" */;
			compatibilityVersion = "Xcode 3.2";
			developmentRegion = English;
			hasScannedForEncodings = 0;
			knownRegions = (
				en,
				Base,
			);
			mainGroup = E0DA1B601AB38B0100D23CD7;
			productRefGroup = E0DA1B6A1AB38B0100D23CD7 /* Products */;
			projectDirPath = "";
			projectRoot = "";
			targets = (
				E0DA1B681AB38B0100D23CD7 /* MApping */,
				E0DA1B811AB38B0100D23CD7 /* MAppingTests */,
			);
		};
/* End PBXProject section */

/* Begin PBXResourcesBuildPhase section */
		E0DA1B671AB38B0100D23CD7 /* Resources */ = {
			isa = PBXResourcesBuildPhase;
			buildActionMask = 2147483647;
			files = (
				E0DA1B781AB38B0100D23CD7 /* Main.storyboard in Resources */,
				E0DA1B7D1AB38B0100D23CD7 /* LaunchScreen.xib in Resources */,
				E0DA1B7A1AB38B0100D23CD7 /* Images.xcassets in Resources */,
			);
			runOnlyForDeploymentPostprocessing = 0;
		};
		E0DA1B801AB38B0100D23CD7 /* Resources */ = {
			isa = PBXResourcesBuildPhase;
			buildActionMask = 2147483647;
			files = (
			);
			runOnlyForDeploymentPostprocessing = 0;
		};
/* End PBXResourcesBuildPhase section */

/* Begin PBXSourcesBuildPhase section */
		E0DA1B651AB38B0100D23CD7 /* Sources */ = {
			isa = PBXSourcesBuildPhase;
			buildActionMask = 2147483647;
			files = (
				E0DA1B751AB38B0100D23CD7 /* ViewController.m in Sources */,
				E0DA1B721AB38B0100D23CD7 /* AppDelegate.m in Sources */,
				E0DA1B6F1AB38B0100D23CD7 /* main.m in Sources */,
			);
			runOnlyForDeploymentPostprocessing = 0;
		};
		E0DA1B7E1AB38B0100D23CD7 /* Sources */ = {
			isa = PBXSourcesBuildPhase;
			buildActionMask = 2147483647;
			files = (
				E0DA1B891AB38B0100D23CD7 /* MAppingTests.m in Sources */,
			);
			runOnlyForDeploymentPostprocessing = 0;
		};
/* End PBXSourcesBuildPhase section */

/* Begin PBXTargetDependency section */
		E0DA1B841AB38B0100D23CD7 /* PBXTargetDependency */ = {
			isa = PBXTargetDependency;
			target = E0DA1B681AB38B0100D23CD7 /* MApping */;
			targetProxy = E0DA1B831AB38B0100D23CD7 /* PBXContainerItemProxy */;
		};
/* End PBXTargetDependency section */

/* Begin PBXVariantGroup section */
		E0DA1B761AB38B0100D23CD7 /* Main.storyboard */ = {
			isa = PBXVariantGroup;
			children = (
				E0DA1B771AB38B0100D23CD7 /* Base */,
			);
			name = Main.storyboard;
			sourceTree = "<group>";
		};
		E0DA1B7B1AB38B0100D23CD7 /* LaunchScreen.xib */ = {
			isa = PBXVariantGroup;
			children = (
				E0DA1B7C1AB38B0100D23CD7 /* Base */,
			);
			name = LaunchScreen.xib;
			sourceTree = "<group>";
		};
/* End PBXVariantGroup section */

/* Begin XCBuildConfiguration section */
		E0DA1B8A1AB38B0100D23CD7 /* Debug */ = {
			isa = XCBuildConfiguration;
			buildSettings = {
				ALWAYS_SEARCH_USER_PATHS = NO;
				CLANG_CXX_LANGUAGE_STANDARD = "gnu++0x";
				CLANG_CXX_LIBRARY = "libc++";
				CLANG_ENABLE_MODULES = YES;
				CLANG_ENABLE_OBJC_ARC = YES;
				CLANG_WARN_BOOL_CONVERSION = YES;
				CLANG_WARN_CONSTANT_CONVERSION = YES;
				CLANG_WARN_DIRECT_OBJC_ISA_USAGE = YES_ERROR;
				CLANG_WARN_EMPTY_BODY = YES;
				CLANG_WARN_ENUM_CONVERSION = YES;
				CLANG_WARN_INT_CONVERSION = YES;
				CLANG_WARN_OBJC_ROOT_CLASS = YES_ERROR;
				CLANG_WARN_UNREACHABLE_CODE = YES;
				CLANG_WARN__DUPLICATE_METHOD_MATCH = YES;
				"CODE_SIGN_IDENTITY[sdk=iphoneos*]" = "iPhone Developer";
				COPY_PHASE_STRIP = NO;
				ENABLE_STRICT_OBJC_MSGSEND = YES;
				GCC_C_LANGUAGE_STANDARD = gnu99;
				GCC_DYNAMIC_NO_PIC = NO;
				GCC_OPTIMIZATION_LEVEL = 0;
				GCC_PREPROCESSOR_DEFINITIONS = (
					"DEBUG=1",
					"$(inherited)",
				);
				GCC_SYMBOLS_PRIVATE_EXTERN = NO;
				GCC_WARN_64_TO_32_BIT_CONVERSION = YES;
				GCC_WARN_ABOUT_RETURN_TYPE = YES_ERROR;
				GCC_WARN_UNDECLARED_SELECTOR = YES;
				GCC_WARN_UNINITIALIZED_AUTOS = YES_AGGRESSIVE;
				GCC_WARN_UNUSED_FUNCTION = YES;
				GCC_WARN_UNUSED_VARIABLE = YES;
				IPHONEOS_DEPLOYMENT_TARGET = 8.1;
				MTL_ENABLE_DEBUG_INFO = YES;
				ONLY_ACTIVE_ARCH = YES;
				SDKROOT = iphoneos;
			};
			name = Debug;
		};
		E0DA1B8B1AB38B0100D23CD7 /* Release */ = {
			isa = XCBuildConfiguration;
			buildSettings = {
				ALWAYS_SEARCH_USER_PATHS = NO;
				CLANG_CXX_LANGUAGE_STANDARD = "gnu++0x";
				CLANG_CXX_LIBRARY = "libc++";
				CLANG_ENABLE_MODULES = YES;
				CLANG_ENABLE_OBJC_ARC = YES;
				CLANG_WARN_BOOL_CONVERSION = YES;
				CLANG_WARN_CONSTANT_CONVERSION = YES;
				CLANG_WARN_DIRECT_OBJC_ISA_USAGE = YES_ERROR;
				CLANG_WARN_EMPTY_BODY = YES;
				CLANG_WARN_ENUM_CONVERSION = YES;
				CLANG_WARN_INT_CONVERSION = YES;
				CLANG_WARN_OBJC_ROOT_CLASS = YES_ERROR;
				CLANG_WARN_UNREACHABLE_CODE = YES;
				CLANG_WARN__DUPLICATE_METHOD_MATCH = YES;
				"CODE_SIGN_IDENTITY[sdk=iphoneos*]" = "iPhone Developer";
				COPY_PHASE_STRIP = YES;
				ENABLE_NS_ASSERTIONS = NO;
				ENABLE_STRICT_OBJC_MSGSEND = YES;
				GCC_C_LANGUAGE_STANDARD = gnu99;
				GCC_WARN_64_TO_32_BIT_CONVERSION = YES;
				GCC_WARN_ABOUT_RETURN_TYPE = YES_ERROR;
				GCC_WARN_UNDECLARED_SELECTOR = YES;
				GCC_WARN_UNINITIALIZED_AUTOS = YES_AGGRESSIVE;
				GCC_WARN_UNUSED_FUNCTION = YES;
				GCC_WARN_UNUSED_VARIABLE = YES;
				IPHONEOS_DEPLOYMENT_TARGET = 8.1;
				MTL_ENABLE_DEBUG_INFO = NO;
				SDKROOT = iphoneos;
				VALIDATE_PRODUCT = YES;
			};
			name = Release;
		};
		E0DA1B8D1AB38B0100D23CD7 /* Debug */ = {
			isa = XCBuildConfiguration;
			buildSettings = {
				ASSETCATALOG_COMPILER_APPICON_NAME = AppIcon;
				INFOPLIST_FILE = MApping/Info.plist;
				LD_RUNPATH_SEARCH_PATHS = "$(inherited) @executable_path/Frameworks";
				PRODUCT_NAME = "$(TARGET_NAME)";
			};
			name = Debug;
		};
		E0DA1B8E1AB38B0100D23CD7 /* Release */ = {
			isa = XCBuildConfiguration;
			buildSettings = {
				ASSETCATALOG_COMPILER_APPICON_NAME = AppIcon;
				INFOPLIST_FILE = MApping/Info.plist;
				LD_RUNPATH_SEARCH_PATHS = "$(inherited) @executable_path/Frameworks";
				PRODUCT_NAME = "$(TARGET_NAME)";
			};
			name = Release;
		};
		E0DA1B901AB38B0100D23CD7 /* Debug */ = {
			isa = XCBuildConfiguration;
			buildSettings = {
				BUNDLE_LOADER = "$(TEST_HOST)";
				FRAMEWORK_SEARCH_PATHS = (
					"$(SDKROOT)/Developer/Library/Frameworks",
					"$(inherited)",
				);
				GCC_PREPROCESSOR_DEFINITIONS = (
					"DEBUG=1",
					"$(inherited)",
				);
				INFOPLIST_FILE = MAppingTests/Info.plist;
				LD_RUNPATH_SEARCH_PATHS = "$(inherited) @executable_path/Frameworks @loader_path/Frameworks";
				PRODUCT_NAME = "$(TARGET_NAME)";
				TEST_HOST = "$(BUILT_PRODUCTS_DIR)/MApping.app/MApping";
			};
			name = Debug;
		};
		E0DA1B911AB38B0100D23CD7 /* Release */ = {
			isa = XCBuildConfiguration;
			buildSettings = {
				BUNDLE_LOADER = "$(TEST_HOST)";
				FRAMEWORK_SEARCH_PATHS = (
					"$(SDKROOT)/Developer/Library/Frameworks",
					"$(inherited)",
				);
				INFOPLIST_FILE = MAppingTests/Info.plist;
				LD_RUNPATH_SEARCH_PATHS = "$(inherited) @executable_path/Frameworks @loader_path/Frameworks";
				PRODUCT_NAME = "$(TARGET_NAME)";
				TEST_HOST = "$(BUILT_PRODUCTS_DIR)/MApping.app/MApping";
			};
			name = Release;
		};
/* End XCBuildConfiguration section */

/* Begin XCConfigurationList section */
		E0DA1B641AB38B0100D23CD7 /* Build configuration list for PBXProject "MApping" */ = {
			isa = XCConfigurationList;
			buildConfigurations = (
				E0DA1B8A1AB38B0100D23CD7 /* Debug */,
				E0DA1B8B1AB38B0100D23CD7 /* Release */,
			);
			defaultConfigurationIsVisible = 0;
			defaultConfigurationName = Release;
		};
		E0DA1B8C1AB38B0100D23CD7 /* Build configuration list for PBXNativeTarget "MApping" */ = {
			isa = XCConfigurationList;
			buildConfigurations = (
				E0DA1B8D1AB38B0100D23CD7 /* Debug */,
				E0DA1B8E1AB38B0100D23CD7 /* Release */,
			);
			defaultConfigurationIsVisible = 0;
		};
		E0DA1B8F1AB38B0100D23CD7 /* Build configuration list for PBXNativeTarget "MAppingTests" */ = {
			isa = XCConfigurationList;
			buildConfigurations = (
				E0DA1B901AB38B0100D23CD7 /* Debug */,
				E0DA1B911AB38B0100D23CD7 /* Release */,
			);
			defaultConfigurationIsVisible = 0;
		};
/* End XCConfigurationList section */
	};
	rootObject = E0DA1B611AB38B0100D23CD7 /* Project object */;
}
