// !$*UTF8*$!
{
	archiveVersion = 1;
	classes = {
	};
	objectVersion = 46;
	objects = {

/* Begin PBXBuildFile section */
		E00DF9401B138FC8006BD131 /* spacetestSMALL_512kb.mp4 in Resources */ = {isa = PBXBuildFile; fileRef = E00DF93F1B138FC8006BD131 /* spacetestSMALL_512kb.mp4 */; };
		E03D6BE21AB751F800E3EFB6 /* BarListTableViewController.m in Sources */ = {isa = PBXBuildFile; fileRef = E03D6BE11AB751F800E3EFB6 /* BarListTableViewController.m */; };
		E05C73D71ABA64C400FE8309 /* DetailsViewController.m in Sources */ = {isa = PBXBuildFile; fileRef = E05C73D61ABA64C400FE8309 /* DetailsViewController.m */; };
		E06B1D981BD8941800256040 /* AdditionalQuestionsViewController.m in Sources */ = {isa = PBXBuildFile; fileRef = E06B1D971BD8941800256040 /* AdditionalQuestionsViewController.m */; };
		E06FD8081B1B871F00551BF5 /* PayWithTweetViewController.m in Sources */ = {isa = PBXBuildFile; fileRef = E06FD8071B1B871F00551BF5 /* PayWithTweetViewController.m */; };
		E07130B31AD857EC00C95E29 /* CouponRedeemViewController.m in Sources */ = {isa = PBXBuildFile; fileRef = E07130B21AD857EC00C95E29 /* CouponRedeemViewController.m */; };
		E079E01A1ACAD7E100D5A6E2 /* Main.storyboard in Resources */ = {isa = PBXBuildFile; fileRef = E079E0181ACAD7E100D5A6E2 /* Main.storyboard */; };
		E07C93441BC9AA570089A30D /* CustomTableViewCell.m in Sources */ = {isa = PBXBuildFile; fileRef = E07C93431BC9AA570089A30D /* CustomTableViewCell.m */; };
		E07C93461BC9B08E0089A30D /* CustomCellView.xib in Resources */ = {isa = PBXBuildFile; fileRef = E07C93451BC9B08E0089A30D /* CustomCellView.xib */; };
		E07C93491BCAEDD30089A30D /* BarAdminLoginViewController.m in Sources */ = {isa = PBXBuildFile; fileRef = E07C93481BCAEDD30089A30D /* BarAdminLoginViewController.m */; };
		E07C934C1BCAF5E80089A30D /* BarHomePageViewController.m in Sources */ = {isa = PBXBuildFile; fileRef = E07C934B1BCAF5E80089A30D /* BarHomePageViewController.m */; };
		E07E0C3F1AC21F4100FD44EA /* Accounts.framework in Frameworks */ = {isa = PBXBuildFile; fileRef = E07E0C3E1AC21F4100FD44EA /* Accounts.framework */; };
		E07E0C411AC21F4900FD44EA /* AudioToolbox.framework in Frameworks */ = {isa = PBXBuildFile; fileRef = E07E0C401AC21F4900FD44EA /* AudioToolbox.framework */; };
		E07E0C431AC21F5300FD44EA /* CFNetwork.framework in Frameworks */ = {isa = PBXBuildFile; fileRef = E07E0C421AC21F5300FD44EA /* CFNetwork.framework */; };
		E07E0C451AC21F6000FD44EA /* CoreGraphics.framework in Frameworks */ = {isa = PBXBuildFile; fileRef = E07E0C441AC21F6000FD44EA /* CoreGraphics.framework */; };
		E07E0C471AC21F7000FD44EA /* MobileCoreServices.framework in Frameworks */ = {isa = PBXBuildFile; fileRef = E07E0C461AC21F7000FD44EA /* MobileCoreServices.framework */; };
		E07E0C491AC21F7900FD44EA /* QuartzCore.framework in Frameworks */ = {isa = PBXBuildFile; fileRef = E07E0C481AC21F7900FD44EA /* QuartzCore.framework */; };
		E07E0C4B1AC21F8300FD44EA /* Security.framework in Frameworks */ = {isa = PBXBuildFile; fileRef = E07E0C4A1AC21F8300FD44EA /* Security.framework */; };
		E07E0C4D1AC21F8D00FD44EA /* Social.framework in Frameworks */ = {isa = PBXBuildFile; fileRef = E07E0C4C1AC21F8D00FD44EA /* Social.framework */; };
		E07E0C511AC21FAF00FD44EA /* SystemConfiguration.framework in Frameworks */ = {isa = PBXBuildFile; fileRef = E07E0C501AC21FAF00FD44EA /* SystemConfiguration.framework */; };
		E07E0C531AC21FBB00FD44EA /* libz.dylib in Frameworks */ = {isa = PBXBuildFile; fileRef = E07E0C521AC21FBB00FD44EA /* libz.dylib */; };
		E07E0C551AC21FC700FD44EA /* libsqlite3.dylib in Frameworks */ = {isa = PBXBuildFile; fileRef = E07E0C541AC21FC700FD44EA /* libsqlite3.dylib */; };
		E07E0C5A1AC2271100FD44EA /* BarChatLogInViewController.m in Sources */ = {isa = PBXBuildFile; fileRef = E07E0C591AC2271100FD44EA /* BarChatLogInViewController.m */; };
		E07E0C5D1AC22DDD00FD44EA /* BarChatSignUpViewController.m in Sources */ = {isa = PBXBuildFile; fileRef = E07E0C5C1AC22DDD00FD44EA /* BarChatSignUpViewController.m */; };
		E07E0C631AC49CCD00FD44EA /* AdditionalSurveyQuestionsViewController.m in Sources */ = {isa = PBXBuildFile; fileRef = E07E0C621AC49CCD00FD44EA /* AdditionalSurveyQuestionsViewController.m */; };
		E085304D1AD7638800F12AA1 /* CouponViewController.m in Sources */ = {isa = PBXBuildFile; fileRef = E085304C1AD7638800F12AA1 /* CouponViewController.m */; };
		E08530501AD7645200F12AA1 /* iCarousel.m in Sources */ = {isa = PBXBuildFile; fileRef = E085304F1AD7645200F12AA1 /* iCarousel.m */; };
		E0C68B1F1B138C800047699C /* AVFoundation.framework in Frameworks */ = {isa = PBXBuildFile; fileRef = E0C68B1E1B138C800047699C /* AVFoundation.framework */; };
		E0C68B211B138C880047699C /* AVKit.framework in Frameworks */ = {isa = PBXBuildFile; fileRef = E0C68B201B138C880047699C /* AVKit.framework */; };
		E0C68B241B138DA80047699C /* AvViewController.m in Sources */ = {isa = PBXBuildFile; fileRef = E0C68B231B138DA80047699C /* AvViewController.m */; };
		E0C8EA211ABF997100E9456E /* CoreData.framework in Frameworks */ = {isa = PBXBuildFile; fileRef = E0C8EA201ABF997100E9456E /* CoreData.framework */; };
		E0C8EA831AC0CD9200E9456E /* User.m in Sources */ = {isa = PBXBuildFile; fileRef = E0C8EA821AC0CD9200E9456E /* User.m */; };
		E0DA1B6F1AB38B0100D23CD7 /* main.m in Sources */ = {isa = PBXBuildFile; fileRef = E0DA1B6E1AB38B0100D23CD7 /* main.m */; };
		E0DA1B721AB38B0100D23CD7 /* AppDelegate.m in Sources */ = {isa = PBXBuildFile; fileRef = E0DA1B711AB38B0100D23CD7 /* AppDelegate.m */; };
		E0DA1B751AB38B0100D23CD7 /* ViewController.m in Sources */ = {isa = PBXBuildFile; fileRef = E0DA1B741AB38B0100D23CD7 /* ViewController.m */; };
		E0DA1B7A1AB38B0100D23CD7 /* Images.xcassets in Resources */ = {isa = PBXBuildFile; fileRef = E0DA1B791AB38B0100D23CD7 /* Images.xcassets */; };
		E0DA1B7D1AB38B0100D23CD7 /* LaunchScreen.xib in Resources */ = {isa = PBXBuildFile; fileRef = E0DA1B7B1AB38B0100D23CD7 /* LaunchScreen.xib */; };
		E0DA1B891AB38B0100D23CD7 /* MAppingTests.m in Sources */ = {isa = PBXBuildFile; fileRef = E0DA1B881AB38B0100D23CD7 /* MAppingTests.m */; };
		E0DA1B931AB38B3000D23CD7 /* CoreLocation.framework in Frameworks */ = {isa = PBXBuildFile; fileRef = E0DA1B921AB38B3000D23CD7 /* CoreLocation.framework */; };
		E0DA1B951AB38B3700D23CD7 /* MapKit.framework in Frameworks */ = {isa = PBXBuildFile; fileRef = E0DA1B941AB38B3700D23CD7 /* MapKit.framework */; };
		E0DA1B9D1AB3AA6F00D23CD7 /* MapViewAnnotation.m in Sources */ = {isa = PBXBuildFile; fileRef = E0DA1B9C1AB3AA6F00D23CD7 /* MapViewAnnotation.m */; };
		E0ED0E8F1BABCCE6005AECEF /* CustomerReviewViewController.m in Sources */ = {isa = PBXBuildFile; fileRef = E0ED0E8E1BABCCE6005AECEF /* CustomerReviewViewController.m */; };
		EA3880352CF68AB6689B4D07 /* libPods-MApping.a in Frameworks */ = {isa = PBXBuildFile; fileRef = 7B8E24E36979FA155AF27269 /* libPods-MApping.a */; };
		F179B60FF3F3A478AD818E80 /* libPods-MAppingTests.a in Frameworks */ = {isa = PBXBuildFile; fileRef = 660F32E02A42E2E1181FED67 /* libPods-MAppingTests.a */; };
/* End PBXBuildFile section */

/* Begin PBXContainerItemProxy section */
		E0DA1B831AB38B0100D23CD7 /* PBXContainerItemProxy */ = {
			isa = PBXContainerItemProxy;
			containerPortal = E0DA1B611AB38B0100D23CD7 /* Project object */;
			proxyType = 1;
			remoteGlobalIDString = E0DA1B681AB38B0100D23CD7;
			remoteInfo = MApping;
		};
/* End PBXContainerItemProxy section */

/* Begin PBXFileReference section */
		3B2FDF045FB6EF13625B9CEA /* Pods-MAppingTests.debug.xcconfig */ = {isa = PBXFileReference; includeInIndex = 1; lastKnownFileType = text.xcconfig; name = "Pods-MAppingTests.debug.xcconfig"; path = "Pods/Target Support Files/Pods-MAppingTests/Pods-MAppingTests.debug.xcconfig"; sourceTree = "<group>"; };
		54C0E7AE60ED63D4FF7A80C9 /* Pods-MApping.debug.xcconfig */ = {isa = PBXFileReference; includeInIndex = 1; lastKnownFileType = text.xcconfig; name = "Pods-MApping.debug.xcconfig"; path = "Pods/Target Support Files/Pods-MApping/Pods-MApping.debug.xcconfig"; sourceTree = "<group>"; };
		660F32E02A42E2E1181FED67 /* libPods-MAppingTests.a */ = {isa = PBXFileReference; explicitFileType = archive.ar; includeInIndex = 0; path = "libPods-MAppingTests.a"; sourceTree = BUILT_PRODUCTS_DIR; };
		7B8E24E36979FA155AF27269 /* libPods-MApping.a */ = {isa = PBXFileReference; explicitFileType = archive.ar; includeInIndex = 0; path = "libPods-MApping.a"; sourceTree = BUILT_PRODUCTS_DIR; };
		8BA87167E8E73345850677A0 /* Pods-MAppingTests.release.xcconfig */ = {isa = PBXFileReference; includeInIndex = 1; lastKnownFileType = text.xcconfig; name = "Pods-MAppingTests.release.xcconfig"; path = "Pods/Target Support Files/Pods-MAppingTests/Pods-MAppingTests.release.xcconfig"; sourceTree = "<group>"; };
		C4A5E23F3F6CB3B7885D2B04 /* Pods-MApping.release.xcconfig */ = {isa = PBXFileReference; includeInIndex = 1; lastKnownFileType = text.xcconfig; name = "Pods-MApping.release.xcconfig"; path = "Pods/Target Support Files/Pods-MApping/Pods-MApping.release.xcconfig"; sourceTree = "<group>"; };
		E00DF93F1B138FC8006BD131 /* spacetestSMALL_512kb.mp4 */ = {isa = PBXFileReference; lastKnownFileType = file; path = spacetestSMALL_512kb.mp4; sourceTree = "<group>"; };
		E03D6BE01AB751F800E3EFB6 /* BarListTableViewController.h */ = {isa = PBXFileReference; fileEncoding = 4; lastKnownFileType = sourcecode.c.h; path = BarListTableViewController.h; sourceTree = "<group>"; };
		E03D6BE11AB751F800E3EFB6 /* BarListTableViewController.m */ = {isa = PBXFileReference; fileEncoding = 4; lastKnownFileType = sourcecode.c.objc; path = BarListTableViewController.m; sourceTree = "<group>"; };
		E05C73D51ABA64C400FE8309 /* DetailsViewController.h */ = {isa = PBXFileReference; fileEncoding = 4; lastKnownFileType = sourcecode.c.h; path = DetailsViewController.h; sourceTree = "<group>"; };
		E05C73D61ABA64C400FE8309 /* DetailsViewController.m */ = {isa = PBXFileReference; fileEncoding = 4; lastKnownFileType = sourcecode.c.objc; path = DetailsViewController.m; sourceTree = "<group>"; };
		E06B1D961BD8941800256040 /* AdditionalQuestionsViewController.h */ = {isa = PBXFileReference; fileEncoding = 4; lastKnownFileType = sourcecode.c.h; path = AdditionalQuestionsViewController.h; sourceTree = "<group>"; };
		E06B1D971BD8941800256040 /* AdditionalQuestionsViewController.m */ = {isa = PBXFileReference; fileEncoding = 4; lastKnownFileType = sourcecode.c.objc; path = AdditionalQuestionsViewController.m; sourceTree = "<group>"; };
		E06FD8061B1B871F00551BF5 /* PayWithTweetViewController.h */ = {isa = PBXFileReference; fileEncoding = 4; lastKnownFileType = sourcecode.c.h; path = PayWithTweetViewController.h; sourceTree = "<group>"; };
		E06FD8071B1B871F00551BF5 /* PayWithTweetViewController.m */ = {isa = PBXFileReference; fileEncoding = 4; lastKnownFileType = sourcecode.c.objc; path = PayWithTweetViewController.m; sourceTree = "<group>"; };
		E07130B11AD857EC00C95E29 /* CouponRedeemViewController.h */ = {isa = PBXFileReference; fileEncoding = 4; lastKnownFileType = sourcecode.c.h; path = CouponRedeemViewController.h; sourceTree = "<group>"; };
		E07130B21AD857EC00C95E29 /* CouponRedeemViewController.m */ = {isa = PBXFileReference; fileEncoding = 4; lastKnownFileType = sourcecode.c.objc; path = CouponRedeemViewController.m; sourceTree = "<group>"; };
		E079E0191ACAD7E100D5A6E2 /* Base */ = {isa = PBXFileReference; lastKnownFileType = file.storyboard; name = Base; path = Base.lproj/Main.storyboard; sourceTree = "<group>"; };
		E07C93421BC9AA570089A30D /* CustomTableViewCell.h */ = {isa = PBXFileReference; fileEncoding = 4; lastKnownFileType = sourcecode.c.h; path = CustomTableViewCell.h; sourceTree = "<group>"; };
		E07C93431BC9AA570089A30D /* CustomTableViewCell.m */ = {isa = PBXFileReference; fileEncoding = 4; lastKnownFileType = sourcecode.c.objc; path = CustomTableViewCell.m; sourceTree = "<group>"; };
		E07C93451BC9B08E0089A30D /* CustomCellView.xib */ = {isa = PBXFileReference; fileEncoding = 4; lastKnownFileType = file.xib; path = CustomCellView.xib; sourceTree = "<group>"; };
		E07C93471BCAEDD30089A30D /* BarAdminLoginViewController.h */ = {isa = PBXFileReference; fileEncoding = 4; lastKnownFileType = sourcecode.c.h; path = BarAdminLoginViewController.h; sourceTree = "<group>"; };
		E07C93481BCAEDD30089A30D /* BarAdminLoginViewController.m */ = {isa = PBXFileReference; fileEncoding = 4; lastKnownFileType = sourcecode.c.objc; path = BarAdminLoginViewController.m; sourceTree = "<group>"; };
		E07C934A1BCAF5E80089A30D /* BarHomePageViewController.h */ = {isa = PBXFileReference; fileEncoding = 4; lastKnownFileType = sourcecode.c.h; path = BarHomePageViewController.h; sourceTree = "<group>"; };
		E07C934B1BCAF5E80089A30D /* BarHomePageViewController.m */ = {isa = PBXFileReference; fileEncoding = 4; lastKnownFileType = sourcecode.c.objc; path = BarHomePageViewController.m; sourceTree = "<group>"; };
		E07E0C3E1AC21F4100FD44EA /* Accounts.framework */ = {isa = PBXFileReference; lastKnownFileType = wrapper.framework; name = Accounts.framework; path = System/Library/Frameworks/Accounts.framework; sourceTree = SDKROOT; };
		E07E0C401AC21F4900FD44EA /* AudioToolbox.framework */ = {isa = PBXFileReference; lastKnownFileType = wrapper.framework; name = AudioToolbox.framework; path = System/Library/Frameworks/AudioToolbox.framework; sourceTree = SDKROOT; };
		E07E0C421AC21F5300FD44EA /* CFNetwork.framework */ = {isa = PBXFileReference; lastKnownFileType = wrapper.framework; name = CFNetwork.framework; path = System/Library/Frameworks/CFNetwork.framework; sourceTree = SDKROOT; };
		E07E0C441AC21F6000FD44EA /* CoreGraphics.framework */ = {isa = PBXFileReference; lastKnownFileType = wrapper.framework; name = CoreGraphics.framework; path = System/Library/Frameworks/CoreGraphics.framework; sourceTree = SDKROOT; };
		E07E0C461AC21F7000FD44EA /* MobileCoreServices.framework */ = {isa = PBXFileReference; lastKnownFileType = wrapper.framework; name = MobileCoreServices.framework; path = System/Library/Frameworks/MobileCoreServices.framework; sourceTree = SDKROOT; };
		E07E0C481AC21F7900FD44EA /* QuartzCore.framework */ = {isa = PBXFileReference; lastKnownFileType = wrapper.framework; name = QuartzCore.framework; path = System/Library/Frameworks/QuartzCore.framework; sourceTree = SDKROOT; };
		E07E0C4A1AC21F8300FD44EA /* Security.framework */ = {isa = PBXFileReference; lastKnownFileType = wrapper.framework; name = Security.framework; path = System/Library/Frameworks/Security.framework; sourceTree = SDKROOT; };
		E07E0C4C1AC21F8D00FD44EA /* Social.framework */ = {isa = PBXFileReference; lastKnownFileType = wrapper.framework; name = Social.framework; path = System/Library/Frameworks/Social.framework; sourceTree = SDKROOT; };
		E07E0C501AC21FAF00FD44EA /* SystemConfiguration.framework */ = {isa = PBXFileReference; lastKnownFileType = wrapper.framework; name = SystemConfiguration.framework; path = System/Library/Frameworks/SystemConfiguration.framework; sourceTree = SDKROOT; };
		E07E0C521AC21FBB00FD44EA /* libz.dylib */ = {isa = PBXFileReference; lastKnownFileType = "compiled.mach-o.dylib"; name = libz.dylib; path = usr/lib/libz.dylib; sourceTree = SDKROOT; };
		E07E0C541AC21FC700FD44EA /* libsqlite3.dylib */ = {isa = PBXFileReference; lastKnownFileType = "compiled.mach-o.dylib"; name = libsqlite3.dylib; path = usr/lib/libsqlite3.dylib; sourceTree = SDKROOT; };
		E07E0C581AC2271100FD44EA /* BarChatLogInViewController.h */ = {isa = PBXFileReference; fileEncoding = 4; lastKnownFileType = sourcecode.c.h; path = BarChatLogInViewController.h; sourceTree = "<group>"; };
		E07E0C591AC2271100FD44EA /* BarChatLogInViewController.m */ = {isa = PBXFileReference; fileEncoding = 4; lastKnownFileType = sourcecode.c.objc; path = BarChatLogInViewController.m; sourceTree = "<group>"; };
		E07E0C5B1AC22DDD00FD44EA /* BarChatSignUpViewController.h */ = {isa = PBXFileReference; fileEncoding = 4; lastKnownFileType = sourcecode.c.h; path = BarChatSignUpViewController.h; sourceTree = "<group>"; };
		E07E0C5C1AC22DDD00FD44EA /* BarChatSignUpViewController.m */ = {isa = PBXFileReference; fileEncoding = 4; lastKnownFileType = sourcecode.c.objc; path = BarChatSignUpViewController.m; sourceTree = "<group>"; };
		E07E0C611AC49CCD00FD44EA /* AdditionalSurveyQuestionsViewController.h */ = {isa = PBXFileReference; fileEncoding = 4; lastKnownFileType = sourcecode.c.h; path = AdditionalSurveyQuestionsViewController.h; sourceTree = "<group>"; };
		E07E0C621AC49CCD00FD44EA /* AdditionalSurveyQuestionsViewController.m */ = {isa = PBXFileReference; fileEncoding = 4; lastKnownFileType = sourcecode.c.objc; path = AdditionalSurveyQuestionsViewController.m; sourceTree = "<group>"; };
		E085304B1AD7638800F12AA1 /* CouponViewController.h */ = {isa = PBXFileReference; fileEncoding = 4; lastKnownFileType = sourcecode.c.h; path = CouponViewController.h; sourceTree = "<group>"; };
		E085304C1AD7638800F12AA1 /* CouponViewController.m */ = {isa = PBXFileReference; fileEncoding = 4; lastKnownFileType = sourcecode.c.objc; path = CouponViewController.m; sourceTree = "<group>"; };
		E085304E1AD7645200F12AA1 /* iCarousel.h */ = {isa = PBXFileReference; fileEncoding = 4; lastKnownFileType = sourcecode.c.h; path = iCarousel.h; sourceTree = "<group>"; };
		E085304F1AD7645200F12AA1 /* iCarousel.m */ = {isa = PBXFileReference; fileEncoding = 4; lastKnownFileType = sourcecode.c.objc; path = iCarousel.m; sourceTree = "<group>"; };
		E0C68B1D1B11353C0047699C /* Constants.h */ = {isa = PBXFileReference; lastKnownFileType = sourcecode.c.h; path = Constants.h; sourceTree = "<group>"; };
		E0C68B1E1B138C800047699C /* AVFoundation.framework */ = {isa = PBXFileReference; lastKnownFileType = wrapper.framework; name = AVFoundation.framework; path = System/Library/Frameworks/AVFoundation.framework; sourceTree = SDKROOT; };
		E0C68B201B138C880047699C /* AVKit.framework */ = {isa = PBXFileReference; lastKnownFileType = wrapper.framework; name = AVKit.framework; path = System/Library/Frameworks/AVKit.framework; sourceTree = SDKROOT; };
		E0C68B221B138DA80047699C /* AvViewController.h */ = {isa = PBXFileReference; fileEncoding = 4; lastKnownFileType = sourcecode.c.h; path = AvViewController.h; sourceTree = "<group>"; };
		E0C68B231B138DA80047699C /* AvViewController.m */ = {isa = PBXFileReference; fileEncoding = 4; lastKnownFileType = sourcecode.c.objc; path = AvViewController.m; sourceTree = "<group>"; };
		E0C8EA201ABF997100E9456E /* CoreData.framework */ = {isa = PBXFileReference; lastKnownFileType = wrapper.framework; name = CoreData.framework; path = System/Library/Frameworks/CoreData.framework; sourceTree = SDKROOT; };
		E0C8EA801ABF9B1500E9456E /* PrefixHeader.pch */ = {isa = PBXFileReference; lastKnownFileType = sourcecode.c.h; path = PrefixHeader.pch; sourceTree = "<group>"; };
		E0C8EA811AC0CD9200E9456E /* User.h */ = {isa = PBXFileReference; fileEncoding = 4; lastKnownFileType = sourcecode.c.h; path = User.h; sourceTree = "<group>"; };
		E0C8EA821AC0CD9200E9456E /* User.m */ = {isa = PBXFileReference; fileEncoding = 4; lastKnownFileType = sourcecode.c.objc; path = User.m; sourceTree = "<group>"; };
		E0DA1B691AB38B0100D23CD7 /* MApping.app */ = {isa = PBXFileReference; explicitFileType = wrapper.application; includeInIndex = 0; path = MApping.app; sourceTree = BUILT_PRODUCTS_DIR; };
		E0DA1B6D1AB38B0100D23CD7 /* Info.plist */ = {isa = PBXFileReference; lastKnownFileType = text.plist.xml; path = Info.plist; sourceTree = "<group>"; };
		E0DA1B6E1AB38B0100D23CD7 /* main.m */ = {isa = PBXFileReference; lastKnownFileType = sourcecode.c.objc; path = main.m; sourceTree = "<group>"; };
		E0DA1B701AB38B0100D23CD7 /* AppDelegate.h */ = {isa = PBXFileReference; lastKnownFileType = sourcecode.c.h; path = AppDelegate.h; sourceTree = "<group>"; };
		E0DA1B711AB38B0100D23CD7 /* AppDelegate.m */ = {isa = PBXFileReference; lastKnownFileType = sourcecode.c.objc; path = AppDelegate.m; sourceTree = "<group>"; };
		E0DA1B731AB38B0100D23CD7 /* ViewController.h */ = {isa = PBXFileReference; lastKnownFileType = sourcecode.c.h; path = ViewController.h; sourceTree = "<group>"; };
		E0DA1B741AB38B0100D23CD7 /* ViewController.m */ = {isa = PBXFileReference; lastKnownFileType = sourcecode.c.objc; path = ViewController.m; sourceTree = "<group>"; };
		E0DA1B791AB38B0100D23CD7 /* Images.xcassets */ = {isa = PBXFileReference; lastKnownFileType = folder.assetcatalog; path = Images.xcassets; sourceTree = "<group>"; };
		E0DA1B7C1AB38B0100D23CD7 /* Base */ = {isa = PBXFileReference; lastKnownFileType = file.xib; name = Base; path = Base.lproj/LaunchScreen.xib; sourceTree = "<group>"; };
		E0DA1B821AB38B0100D23CD7 /* MAppingTests.xctest */ = {isa = PBXFileReference; explicitFileType = wrapper.cfbundle; includeInIndex = 0; path = MAppingTests.xctest; sourceTree = BUILT_PRODUCTS_DIR; };
		E0DA1B871AB38B0100D23CD7 /* Info.plist */ = {isa = PBXFileReference; lastKnownFileType = text.plist.xml; path = Info.plist; sourceTree = "<group>"; };
		E0DA1B881AB38B0100D23CD7 /* MAppingTests.m */ = {isa = PBXFileReference; lastKnownFileType = sourcecode.c.objc; path = MAppingTests.m; sourceTree = "<group>"; };
		E0DA1B921AB38B3000D23CD7 /* CoreLocation.framework */ = {isa = PBXFileReference; lastKnownFileType = wrapper.framework; name = CoreLocation.framework; path = System/Library/Frameworks/CoreLocation.framework; sourceTree = SDKROOT; };
		E0DA1B941AB38B3700D23CD7 /* MapKit.framework */ = {isa = PBXFileReference; lastKnownFileType = wrapper.framework; name = MapKit.framework; path = System/Library/Frameworks/MapKit.framework; sourceTree = SDKROOT; };
		E0DA1B9B1AB3AA6F00D23CD7 /* MapViewAnnotation.h */ = {isa = PBXFileReference; fileEncoding = 4; lastKnownFileType = sourcecode.c.h; path = MapViewAnnotation.h; sourceTree = "<group>"; };
		E0DA1B9C1AB3AA6F00D23CD7 /* MapViewAnnotation.m */ = {isa = PBXFileReference; fileEncoding = 4; lastKnownFileType = sourcecode.c.objc; path = MapViewAnnotation.m; sourceTree = "<group>"; };
		E0ED0E8D1BABCCE6005AECEF /* CustomerReviewViewController.h */ = {isa = PBXFileReference; fileEncoding = 4; lastKnownFileType = sourcecode.c.h; path = CustomerReviewViewController.h; sourceTree = "<group>"; };
		E0ED0E8E1BABCCE6005AECEF /* CustomerReviewViewController.m */ = {isa = PBXFileReference; fileEncoding = 4; lastKnownFileType = sourcecode.c.objc; path = CustomerReviewViewController.m; sourceTree = "<group>"; };
/* End PBXFileReference section */

/* Begin PBXFrameworksBuildPhase section */
		E0DA1B661AB38B0100D23CD7 /* Frameworks */ = {
			isa = PBXFrameworksBuildPhase;
			buildActionMask = 2147483647;
			files = (
				E0C68B211B138C880047699C /* AVKit.framework in Frameworks */,
				E0C68B1F1B138C800047699C /* AVFoundation.framework in Frameworks */,
				E07E0C551AC21FC700FD44EA /* libsqlite3.dylib in Frameworks */,
				E07E0C531AC21FBB00FD44EA /* libz.dylib in Frameworks */,
				E07E0C511AC21FAF00FD44EA /* SystemConfiguration.framework in Frameworks */,
				E07E0C4D1AC21F8D00FD44EA /* Social.framework in Frameworks */,
				E07E0C4B1AC21F8300FD44EA /* Security.framework in Frameworks */,
				E07E0C491AC21F7900FD44EA /* QuartzCore.framework in Frameworks */,
				E07E0C471AC21F7000FD44EA /* MobileCoreServices.framework in Frameworks */,
				E07E0C451AC21F6000FD44EA /* CoreGraphics.framework in Frameworks */,
				E07E0C431AC21F5300FD44EA /* CFNetwork.framework in Frameworks */,
				E07E0C411AC21F4900FD44EA /* AudioToolbox.framework in Frameworks */,
				E07E0C3F1AC21F4100FD44EA /* Accounts.framework in Frameworks */,
				E0C8EA211ABF997100E9456E /* CoreData.framework in Frameworks */,
				E0DA1B951AB38B3700D23CD7 /* MapKit.framework in Frameworks */,
				E0DA1B931AB38B3000D23CD7 /* CoreLocation.framework in Frameworks */,
				EA3880352CF68AB6689B4D07 /* libPods-MApping.a in Frameworks */,
			);
			runOnlyForDeploymentPostprocessing = 0;
		};
		E0DA1B7F1AB38B0100D23CD7 /* Frameworks */ = {
			isa = PBXFrameworksBuildPhase;
			buildActionMask = 2147483647;
			files = (
				F179B60FF3F3A478AD818E80 /* libPods-MAppingTests.a in Frameworks */,
			);
			runOnlyForDeploymentPostprocessing = 0;
		};
/* End PBXFrameworksBuildPhase section */

/* Begin PBXGroup section */
		01B4B6C25B7E28878F85FAB4 /* Pods */ = {
			isa = PBXGroup;
			children = (
				54C0E7AE60ED63D4FF7A80C9 /* Pods-MApping.debug.xcconfig */,
				C4A5E23F3F6CB3B7885D2B04 /* Pods-MApping.release.xcconfig */,
				3B2FDF045FB6EF13625B9CEA /* Pods-MAppingTests.debug.xcconfig */,
				8BA87167E8E73345850677A0 /* Pods-MAppingTests.release.xcconfig */,
			);
			name = Pods;
			sourceTree = "<group>";
		};
		5A64ED4702D3B46410C61715 /* Frameworks */ = {
			isa = PBXGroup;
			children = (
				7B8E24E36979FA155AF27269 /* libPods-MApping.a */,
				660F32E02A42E2E1181FED67 /* libPods-MAppingTests.a */,
			);
			name = Frameworks;
			sourceTree = "<group>";
		};
		E0DA1B601AB38B0100D23CD7 = {
			isa = PBXGroup;
			children = (
				E0C68B201B138C880047699C /* AVKit.framework */,
				E0C68B1E1B138C800047699C /* AVFoundation.framework */,
				E07E0C541AC21FC700FD44EA /* libsqlite3.dylib */,
				E07E0C521AC21FBB00FD44EA /* libz.dylib */,
				E07E0C501AC21FAF00FD44EA /* SystemConfiguration.framework */,
				E07E0C4C1AC21F8D00FD44EA /* Social.framework */,
				E07E0C4A1AC21F8300FD44EA /* Security.framework */,
				E07E0C481AC21F7900FD44EA /* QuartzCore.framework */,
				E07E0C461AC21F7000FD44EA /* MobileCoreServices.framework */,
				E07E0C441AC21F6000FD44EA /* CoreGraphics.framework */,
				E07E0C421AC21F5300FD44EA /* CFNetwork.framework */,
				E07E0C401AC21F4900FD44EA /* AudioToolbox.framework */,
				E07E0C3E1AC21F4100FD44EA /* Accounts.framework */,
				E0C8EA201ABF997100E9456E /* CoreData.framework */,
				E0DA1B941AB38B3700D23CD7 /* MapKit.framework */,
				E0DA1B921AB38B3000D23CD7 /* CoreLocation.framework */,
				E0DA1B6B1AB38B0100D23CD7 /* MApping */,
				E0DA1B851AB38B0100D23CD7 /* MAppingTests */,
				E0DA1B6A1AB38B0100D23CD7 /* Products */,
				01B4B6C25B7E28878F85FAB4 /* Pods */,
				5A64ED4702D3B46410C61715 /* Frameworks */,
			);
			sourceTree = "<group>";
		};
		E0DA1B6A1AB38B0100D23CD7 /* Products */ = {
			isa = PBXGroup;
			children = (
				E0DA1B691AB38B0100D23CD7 /* MApping.app */,
				E0DA1B821AB38B0100D23CD7 /* MAppingTests.xctest */,
			);
			name = Products;
			sourceTree = "<group>";
		};
		E0DA1B6B1AB38B0100D23CD7 /* MApping */ = {
			isa = PBXGroup;
			children = (
				E00DF93F1B138FC8006BD131 /* spacetestSMALL_512kb.mp4 */,
				E085304E1AD7645200F12AA1 /* iCarousel.h */,
				E085304F1AD7645200F12AA1 /* iCarousel.m */,
				E0C68B1D1B11353C0047699C /* Constants.h */,
				E06FD8061B1B871F00551BF5 /* PayWithTweetViewController.h */,
				E06FD8071B1B871F00551BF5 /* PayWithTweetViewController.m */,
				E0C68B221B138DA80047699C /* AvViewController.h */,
				E0C68B231B138DA80047699C /* AvViewController.m */,
				E085304B1AD7638800F12AA1 /* CouponViewController.h */,
				E085304C1AD7638800F12AA1 /* CouponViewController.m */,
				E0ED0E8D1BABCCE6005AECEF /* CustomerReviewViewController.h */,
				E0ED0E8E1BABCCE6005AECEF /* CustomerReviewViewController.m */,
				E07130B11AD857EC00C95E29 /* CouponRedeemViewController.h */,
				E07130B21AD857EC00C95E29 /* CouponRedeemViewController.m */,
				E0DA1B701AB38B0100D23CD7 /* AppDelegate.h */,
				E0DA1B711AB38B0100D23CD7 /* AppDelegate.m */,
				E07C93451BC9B08E0089A30D /* CustomCellView.xib */,
				E06B1D961BD8941800256040 /* AdditionalQuestionsViewController.h */,
				E06B1D971BD8941800256040 /* AdditionalQuestionsViewController.m */,
				E07C93421BC9AA570089A30D /* CustomTableViewCell.h */,
				E07C93431BC9AA570089A30D /* CustomTableViewCell.m */,
				E07E0C611AC49CCD00FD44EA /* AdditionalSurveyQuestionsViewController.h */,
				E07E0C621AC49CCD00FD44EA /* AdditionalSurveyQuestionsViewController.m */,
				E07E0C581AC2271100FD44EA /* BarChatLogInViewController.h */,
				E07E0C591AC2271100FD44EA /* BarChatLogInViewController.m */,
				E07E0C5B1AC22DDD00FD44EA /* BarChatSignUpViewController.h */,
				E07E0C5C1AC22DDD00FD44EA /* BarChatSignUpViewController.m */,
				E0C8EA811AC0CD9200E9456E /* User.h */,
				E0C8EA821AC0CD9200E9456E /* User.m */,
				E07C934A1BCAF5E80089A30D /* BarHomePageViewController.h */,
				E07C934B1BCAF5E80089A30D /* BarHomePageViewController.m */,
				E07C93471BCAEDD30089A30D /* BarAdminLoginViewController.h */,
				E07C93481BCAEDD30089A30D /* BarAdminLoginViewController.m */,
				E0DA1B731AB38B0100D23CD7 /* ViewController.h */,
				E0DA1B741AB38B0100D23CD7 /* ViewController.m */,
				E05C73D51ABA64C400FE8309 /* DetailsViewController.h */,
				E05C73D61ABA64C400FE8309 /* DetailsViewController.m */,
				E0DA1B9B1AB3AA6F00D23CD7 /* MapViewAnnotation.h */,
				E0DA1B9C1AB3AA6F00D23CD7 /* MapViewAnnotation.m */,
				E03D6BE01AB751F800E3EFB6 /* BarListTableViewController.h */,
				E03D6BE11AB751F800E3EFB6 /* BarListTableViewController.m */,
				E079E0181ACAD7E100D5A6E2 /* Main.storyboard */,
				E0DA1B791AB38B0100D23CD7 /* Images.xcassets */,
				E0DA1B7B1AB38B0100D23CD7 /* LaunchScreen.xib */,
				E0DA1B6C1AB38B0100D23CD7 /* Supporting Files */,
			);
			path = MApping;
			sourceTree = "<group>";
		};
		E0DA1B6C1AB38B0100D23CD7 /* Supporting Files */ = {
			isa = PBXGroup;
			children = (
				E0DA1B6D1AB38B0100D23CD7 /* Info.plist */,
				E0C8EA801ABF9B1500E9456E /* PrefixHeader.pch */,
				E0DA1B6E1AB38B0100D23CD7 /* main.m */,
			);
			name = "Supporting Files";
			sourceTree = "<group>";
		};
		E0DA1B851AB38B0100D23CD7 /* MAppingTests */ = {
			isa = PBXGroup;
			children = (
				E0DA1B881AB38B0100D23CD7 /* MAppingTests.m */,
				E0DA1B861AB38B0100D23CD7 /* Supporting Files */,
			);
			path = MAppingTests;
			sourceTree = "<group>";
		};
		E0DA1B861AB38B0100D23CD7 /* Supporting Files */ = {
			isa = PBXGroup;
			children = (
				E0DA1B871AB38B0100D23CD7 /* Info.plist */,
			);
			name = "Supporting Files";
			sourceTree = "<group>";
		};
/* End PBXGroup section */

/* Begin PBXNativeTarget section */
		E0DA1B681AB38B0100D23CD7 /* MApping */ = {
			isa = PBXNativeTarget;
			buildConfigurationList = E0DA1B8C1AB38B0100D23CD7 /* Build configuration list for PBXNativeTarget "MApping" */;
			buildPhases = (
				D9525006ECF09C8272627A6F /* [CP] Check Pods Manifest.lock */,
				E0DA1B651AB38B0100D23CD7 /* Sources */,
				E0DA1B661AB38B0100D23CD7 /* Frameworks */,
				E0DA1B671AB38B0100D23CD7 /* Resources */,
				3D0FE2A286406C394AA69A0D /* [CP] Embed Pods Frameworks */,
				0A394D916D79336ABEF00810 /* [CP] Copy Pods Resources */,
			);
			buildRules = (
			);
			dependencies = (
			);
			name = MApping;
			productName = MApping;
			productReference = E0DA1B691AB38B0100D23CD7 /* MApping.app */;
			productType = "com.apple.product-type.application";
		};
		E0DA1B811AB38B0100D23CD7 /* MAppingTests */ = {
			isa = PBXNativeTarget;
			buildConfigurationList = E0DA1B8F1AB38B0100D23CD7 /* Build configuration list for PBXNativeTarget "MAppingTests" */;
			buildPhases = (
				052172A05ADAB26331702A38 /* [CP] Check Pods Manifest.lock */,
				E0DA1B7E1AB38B0100D23CD7 /* Sources */,
				E0DA1B7F1AB38B0100D23CD7 /* Frameworks */,
				E0DA1B801AB38B0100D23CD7 /* Resources */,
				5117460862E1541379F60195 /* [CP] Embed Pods Frameworks */,
				2640D8D25D4404F987BFAE2D /* [CP] Copy Pods Resources */,
			);
			buildRules = (
			);
			dependencies = (
				E0DA1B841AB38B0100D23CD7 /* PBXTargetDependency */,
			);
			name = MAppingTests;
			productName = MAppingTests;
			productReference = E0DA1B821AB38B0100D23CD7 /* MAppingTests.xctest */;
			productType = "com.apple.product-type.bundle.unit-test";
		};
/* End PBXNativeTarget section */

/* Begin PBXProject section */
		E0DA1B611AB38B0100D23CD7 /* Project object */ = {
			isa = PBXProject;
			attributes = {
				LastUpgradeCheck = 0730;
				ORGANIZATIONNAME = "Adam Nigon";
				TargetAttributes = {
					E0DA1B681AB38B0100D23CD7 = {
						CreatedOnToolsVersion = 6.1.1;
						DevelopmentTeam = 87E5B476U8;
						SystemCapabilities = {
							com.apple.BackgroundModes = {
								enabled = 1;
							};
							com.apple.InAppPurchase = {
								enabled = 0;
							};
						};
					};
					E0DA1B811AB38B0100D23CD7 = {
						CreatedOnToolsVersion = 6.1.1;
						TestTargetID = E0DA1B681AB38B0100D23CD7;
					};
				};
			};
			buildConfigurationList = E0DA1B641AB38B0100D23CD7 /* Build configuration list for PBXProject "MApping" */;
			compatibilityVersion = "Xcode 3.2";
			developmentRegion = English;
			hasScannedForEncodings = 0;
			knownRegions = (
				en,
				Base,
			);
			mainGroup = E0DA1B601AB38B0100D23CD7;
			productRefGroup = E0DA1B6A1AB38B0100D23CD7 /* Products */;
			projectDirPath = "";
			projectRoot = "";
			targets = (
				E0DA1B681AB38B0100D23CD7 /* MApping */,
				E0DA1B811AB38B0100D23CD7 /* MAppingTests */,
			);
		};
/* End PBXProject section */

/* Begin PBXResourcesBuildPhase section */
		E0DA1B671AB38B0100D23CD7 /* Resources */ = {
			isa = PBXResourcesBuildPhase;
			buildActionMask = 2147483647;
			files = (
				E00DF9401B138FC8006BD131 /* spacetestSMALL_512kb.mp4 in Resources */,
				E0DA1B7D1AB38B0100D23CD7 /* LaunchScreen.xib in Resources */,
				E07C93461BC9B08E0089A30D /* CustomCellView.xib in Resources */,
				E0DA1B7A1AB38B0100D23CD7 /* Images.xcassets in Resources */,
				E079E01A1ACAD7E100D5A6E2 /* Main.storyboard in Resources */,
			);
			runOnlyForDeploymentPostprocessing = 0;
		};
		E0DA1B801AB38B0100D23CD7 /* Resources */ = {
			isa = PBXResourcesBuildPhase;
			buildActionMask = 2147483647;
			files = (
			);
			runOnlyForDeploymentPostprocessing = 0;
		};
/* End PBXResourcesBuildPhase section */

/* Begin PBXShellScriptBuildPhase section */
		052172A05ADAB26331702A38 /* [CP] Check Pods Manifest.lock */ = {
			isa = PBXShellScriptBuildPhase;
			buildActionMask = 2147483647;
			files = (
			);
			inputPaths = (
			);
			name = "[CP] Check Pods Manifest.lock";
			outputPaths = (
			);
			runOnlyForDeploymentPostprocessing = 0;
			shellPath = /bin/sh;
			shellScript = "diff \"${PODS_ROOT}/../Podfile.lock\" \"${PODS_ROOT}/Manifest.lock\" > /dev/null\nif [[ $? != 0 ]] ; then\n    cat << EOM\nerror: The sandbox is not in sync with the Podfile.lock. Run 'pod install' or update your CocoaPods installation.\nEOM\n    exit 1\nfi\n";
			showEnvVarsInLog = 0;
		};
		0A394D916D79336ABEF00810 /* [CP] Copy Pods Resources */ = {
			isa = PBXShellScriptBuildPhase;
			buildActionMask = 2147483647;
			files = (
			);
			inputPaths = (
			);
			name = "[CP] Copy Pods Resources";
			outputPaths = (
			);
			runOnlyForDeploymentPostprocessing = 0;
			shellPath = /bin/sh;
			shellScript = "\"${SRCROOT}/Pods/Target Support Files/Pods-MApping/Pods-MApping-resources.sh\"\n";
			showEnvVarsInLog = 0;
		};
		2640D8D25D4404F987BFAE2D /* [CP] Copy Pods Resources */ = {
			isa = PBXShellScriptBuildPhase;
			buildActionMask = 2147483647;
			files = (
			);
			inputPaths = (
			);
			name = "[CP] Copy Pods Resources";
			outputPaths = (
			);
			runOnlyForDeploymentPostprocessing = 0;
			shellPath = /bin/sh;
			shellScript = "\"${SRCROOT}/Pods/Target Support Files/Pods-MAppingTests/Pods-MAppingTests-resources.sh\"\n";
			showEnvVarsInLog = 0;
		};
		3D0FE2A286406C394AA69A0D /* [CP] Embed Pods Frameworks */ = {
			isa = PBXShellScriptBuildPhase;
			buildActionMask = 2147483647;
			files = (
			);
			inputPaths = (
			);
			name = "[CP] Embed Pods Frameworks";
			outputPaths = (
			);
			runOnlyForDeploymentPostprocessing = 0;
			shellPath = /bin/sh;
			shellScript = "\"${SRCROOT}/Pods/Target Support Files/Pods-MApping/Pods-MApping-frameworks.sh\"\n";
			showEnvVarsInLog = 0;
		};
		5117460862E1541379F60195 /* [CP] Embed Pods Frameworks */ = {
			isa = PBXShellScriptBuildPhase;
			buildActionMask = 2147483647;
			files = (
			);
			inputPaths = (
			);
			name = "[CP] Embed Pods Frameworks";
			outputPaths = (
			);
			runOnlyForDeploymentPostprocessing = 0;
			shellPath = /bin/sh;
			shellScript = "\"${SRCROOT}/Pods/Target Support Files/Pods-MAppingTests/Pods-MAppingTests-frameworks.sh\"\n";
			showEnvVarsInLog = 0;
		};
		D9525006ECF09C8272627A6F /* [CP] Check Pods Manifest.lock */ = {
			isa = PBXShellScriptBuildPhase;
			buildActionMask = 2147483647;
			files = (
			);
			inputPaths = (
			);
			name = "[CP] Check Pods Manifest.lock";
			outputPaths = (
			);
			runOnlyForDeploymentPostprocessing = 0;
			shellPath = /bin/sh;
			shellScript = "diff \"${PODS_ROOT}/../Podfile.lock\" \"${PODS_ROOT}/Manifest.lock\" > /dev/null\nif [[ $? != 0 ]] ; then\n    cat << EOM\nerror: The sandbox is not in sync with the Podfile.lock. Run 'pod install' or update your CocoaPods installation.\nEOM\n    exit 1\nfi\n";
			showEnvVarsInLog = 0;
		};
/* End PBXShellScriptBuildPhase section */

/* Begin PBXSourcesBuildPhase section */
		E0DA1B651AB38B0100D23CD7 /* Sources */ = {
			isa = PBXSourcesBuildPhase;
			buildActionMask = 2147483647;
			files = (
				E07E0C5A1AC2271100FD44EA /* BarChatLogInViewController.m in Sources */,
				E07130B31AD857EC00C95E29 /* CouponRedeemViewController.m in Sources */,
				E0DA1B751AB38B0100D23CD7 /* ViewController.m in Sources */,
				E06FD8081B1B871F00551BF5 /* PayWithTweetViewController.m in Sources */,
				E07C93491BCAEDD30089A30D /* BarAdminLoginViewController.m in Sources */,
				E085304D1AD7638800F12AA1 /* CouponViewController.m in Sources */,
				E03D6BE21AB751F800E3EFB6 /* BarListTableViewController.m in Sources */,
				E0DA1B721AB38B0100D23CD7 /* AppDelegate.m in Sources */,
				E06B1D981BD8941800256040 /* AdditionalQuestionsViewController.m in Sources */,
				E0C8EA831AC0CD9200E9456E /* User.m in Sources */,
				E05C73D71ABA64C400FE8309 /* DetailsViewController.m in Sources */,
				E08530501AD7645200F12AA1 /* iCarousel.m in Sources */,
				E0C68B241B138DA80047699C /* AvViewController.m in Sources */,
				E0ED0E8F1BABCCE6005AECEF /* CustomerReviewViewController.m in Sources */,
				E07C934C1BCAF5E80089A30D /* BarHomePageViewController.m in Sources */,
				E07E0C5D1AC22DDD00FD44EA /* BarChatSignUpViewController.m in Sources */,
				E0DA1B6F1AB38B0100D23CD7 /* main.m in Sources */,
				E07C93441BC9AA570089A30D /* CustomTableViewCell.m in Sources */,
				E0DA1B9D1AB3AA6F00D23CD7 /* MapViewAnnotation.m in Sources */,
				E07E0C631AC49CCD00FD44EA /* AdditionalSurveyQuestionsViewController.m in Sources */,
			);
			runOnlyForDeploymentPostprocessing = 0;
		};
		E0DA1B7E1AB38B0100D23CD7 /* Sources */ = {
			isa = PBXSourcesBuildPhase;
			buildActionMask = 2147483647;
			files = (
				E0DA1B891AB38B0100D23CD7 /* MAppingTests.m in Sources */,
			);
			runOnlyForDeploymentPostprocessing = 0;
		};
/* End PBXSourcesBuildPhase section */

/* Begin PBXTargetDependency section */
		E0DA1B841AB38B0100D23CD7 /* PBXTargetDependency */ = {
			isa = PBXTargetDependency;
			target = E0DA1B681AB38B0100D23CD7 /* MApping */;
			targetProxy = E0DA1B831AB38B0100D23CD7 /* PBXContainerItemProxy */;
		};
/* End PBXTargetDependency section */

/* Begin PBXVariantGroup section */
		E079E0181ACAD7E100D5A6E2 /* Main.storyboard */ = {
			isa = PBXVariantGroup;
			children = (
				E079E0191ACAD7E100D5A6E2 /* Base */,
			);
			name = Main.storyboard;
			sourceTree = "<group>";
		};
		E0DA1B7B1AB38B0100D23CD7 /* LaunchScreen.xib */ = {
			isa = PBXVariantGroup;
			children = (
				E0DA1B7C1AB38B0100D23CD7 /* Base */,
			);
			name = LaunchScreen.xib;
			sourceTree = "<group>";
		};
/* End PBXVariantGroup section */

/* Begin XCBuildConfiguration section */
		E0DA1B8A1AB38B0100D23CD7 /* Debug */ = {
			isa = XCBuildConfiguration;
			buildSettings = {
				ALWAYS_SEARCH_USER_PATHS = NO;
				CLANG_CXX_LANGUAGE_STANDARD = "gnu++0x";
				CLANG_CXX_LIBRARY = "libc++";
				CLANG_ENABLE_MODULES = YES;
				CLANG_ENABLE_OBJC_ARC = YES;
				CLANG_WARN_BOOL_CONVERSION = YES;
				CLANG_WARN_CONSTANT_CONVERSION = YES;
				CLANG_WARN_DIRECT_OBJC_ISA_USAGE = YES_ERROR;
				CLANG_WARN_EMPTY_BODY = YES;
				CLANG_WARN_ENUM_CONVERSION = YES;
				CLANG_WARN_INT_CONVERSION = YES;
				CLANG_WARN_OBJC_ROOT_CLASS = YES_ERROR;
				CLANG_WARN_UNREACHABLE_CODE = YES;
				CLANG_WARN__DUPLICATE_METHOD_MATCH = YES;
				"CODE_SIGN_IDENTITY[sdk=iphoneos*]" = "iPhone Developer";
				COPY_PHASE_STRIP = NO;
				ENABLE_STRICT_OBJC_MSGSEND = YES;
				ENABLE_TESTABILITY = YES;
				GCC_C_LANGUAGE_STANDARD = gnu99;
				GCC_DYNAMIC_NO_PIC = NO;
				GCC_OPTIMIZATION_LEVEL = 0;
				GCC_PREPROCESSOR_DEFINITIONS = (
					"DEBUG=1",
					"$(inherited)",
				);
				GCC_SYMBOLS_PRIVATE_EXTERN = NO;
				GCC_WARN_64_TO_32_BIT_CONVERSION = YES;
				GCC_WARN_ABOUT_RETURN_TYPE = YES_ERROR;
				GCC_WARN_UNDECLARED_SELECTOR = YES;
				GCC_WARN_UNINITIALIZED_AUTOS = YES_AGGRESSIVE;
				GCC_WARN_UNUSED_FUNCTION = YES;
				GCC_WARN_UNUSED_VARIABLE = YES;
				IPHONEOS_DEPLOYMENT_TARGET = 8.1;
				MTL_ENABLE_DEBUG_INFO = YES;
				ONLY_ACTIVE_ARCH = YES;
				SDKROOT = iphoneos;
			};
			name = Debug;
		};
		E0DA1B8B1AB38B0100D23CD7 /* Release */ = {
			isa = XCBuildConfiguration;
			buildSettings = {
				ALWAYS_SEARCH_USER_PATHS = NO;
				CLANG_CXX_LANGUAGE_STANDARD = "gnu++0x";
				CLANG_CXX_LIBRARY = "libc++";
				CLANG_ENABLE_MODULES = YES;
				CLANG_ENABLE_OBJC_ARC = YES;
				CLANG_WARN_BOOL_CONVERSION = YES;
				CLANG_WARN_CONSTANT_CONVERSION = YES;
				CLANG_WARN_DIRECT_OBJC_ISA_USAGE = YES_ERROR;
				CLANG_WARN_EMPTY_BODY = YES;
				CLANG_WARN_ENUM_CONVERSION = YES;
				CLANG_WARN_INT_CONVERSION = YES;
				CLANG_WARN_OBJC_ROOT_CLASS = YES_ERROR;
				CLANG_WARN_UNREACHABLE_CODE = YES;
				CLANG_WARN__DUPLICATE_METHOD_MATCH = YES;
				"CODE_SIGN_IDENTITY[sdk=iphoneos*]" = "iPhone Developer";
				COPY_PHASE_STRIP = YES;
				ENABLE_NS_ASSERTIONS = NO;
				ENABLE_STRICT_OBJC_MSGSEND = YES;
				GCC_C_LANGUAGE_STANDARD = gnu99;
				GCC_WARN_64_TO_32_BIT_CONVERSION = YES;
				GCC_WARN_ABOUT_RETURN_TYPE = YES_ERROR;
				GCC_WARN_UNDECLARED_SELECTOR = YES;
				GCC_WARN_UNINITIALIZED_AUTOS = YES_AGGRESSIVE;
				GCC_WARN_UNUSED_FUNCTION = YES;
				GCC_WARN_UNUSED_VARIABLE = YES;
				IPHONEOS_DEPLOYMENT_TARGET = 8.1;
				MTL_ENABLE_DEBUG_INFO = NO;
				SDKROOT = iphoneos;
				VALIDATE_PRODUCT = YES;
			};
			name = Release;
		};
		E0DA1B8D1AB38B0100D23CD7 /* Debug */ = {
			isa = XCBuildConfiguration;
			baseConfigurationReference = 54C0E7AE60ED63D4FF7A80C9 /* Pods-MApping.debug.xcconfig */;
			buildSettings = {
				ASSETCATALOG_COMPILER_APPICON_NAME = AppIcon;
				CODE_SIGN_IDENTITY = "iPhone Developer";
				"CODE_SIGN_IDENTITY[sdk=iphoneos*]" = "iPhone Developer";
				FRAMEWORK_SEARCH_PATHS = (
					"$(inherited)",
					"$(PROJECT_DIR)",
					"$(PROJECT_DIR)/MApping.xcodeproj",
					"$(PROJECT_DIR)/parse-library-1-5",
				);
				INFOPLIST_FILE = MApping/Info.plist;
				LD_RUNPATH_SEARCH_PATHS = "$(inherited) @executable_path/Frameworks";
				PRODUCT_BUNDLE_IDENTIFIER = "com.Adam-Nigon.$(PRODUCT_NAME:rfc1034identifier)";
				PRODUCT_NAME = "$(TARGET_NAME)";
				PROVISIONING_PROFILE = "";
			};
			name = Debug;
		};
		E0DA1B8E1AB38B0100D23CD7 /* Release */ = {
			isa = XCBuildConfiguration;
			baseConfigurationReference = C4A5E23F3F6CB3B7885D2B04 /* Pods-MApping.release.xcconfig */;
			buildSettings = {
				ASSETCATALOG_COMPILER_APPICON_NAME = AppIcon;
				CODE_SIGN_IDENTITY = "iPhone Developer";
				"CODE_SIGN_IDENTITY[sdk=iphoneos*]" = "iPhone Developer";
				FRAMEWORK_SEARCH_PATHS = (
					"$(inherited)",
					"$(PROJECT_DIR)",
					"$(PROJECT_DIR)/MApping.xcodeproj",
					"$(PROJECT_DIR)/parse-library-1-5",
				);
				INFOPLIST_FILE = MApping/Info.plist;
				LD_RUNPATH_SEARCH_PATHS = "$(inherited) @executable_path/Frameworks";
				PRODUCT_BUNDLE_IDENTIFIER = "com.Adam-Nigon.$(PRODUCT_NAME:rfc1034identifier)";
				PRODUCT_NAME = "$(TARGET_NAME)";
				PROVISIONING_PROFILE = "";
			};
			name = Release;
		};
		E0DA1B901AB38B0100D23CD7 /* Debug */ = {
			isa = XCBuildConfiguration;
			baseConfigurationReference = 3B2FDF045FB6EF13625B9CEA /* Pods-MAppingTests.debug.xcconfig */;
			buildSettings = {
				BUNDLE_LOADER = "$(TEST_HOST)";
				FRAMEWORK_SEARCH_PATHS = (
					"$(SDKROOT)/Developer/Library/Frameworks",
					"$(inherited)",
				);
				GCC_PREPROCESSOR_DEFINITIONS = (
					"DEBUG=1",
					"$(inherited)",
				);
				INFOPLIST_FILE = MAppingTests/Info.plist;
				LD_RUNPATH_SEARCH_PATHS = "$(inherited) @executable_path/Frameworks @loader_path/Frameworks";
				PRODUCT_BUNDLE_IDENTIFIER = "com.Adam-Nigon.$(PRODUCT_NAME:rfc1034identifier)";
				PRODUCT_NAME = "$(TARGET_NAME)";
				TEST_HOST = "$(BUILT_PRODUCTS_DIR)/MApping.app/MApping";
			};
			name = Debug;
		};
		E0DA1B911AB38B0100D23CD7 /* Release */ = {
			isa = XCBuildConfiguration;
			baseConfigurationReference = 8BA87167E8E73345850677A0 /* Pods-MAppingTests.release.xcconfig */;
			buildSettings = {
				BUNDLE_LOADER = "$(TEST_HOST)";
				FRAMEWORK_SEARCH_PATHS = (
					"$(SDKROOT)/Developer/Library/Frameworks",
					"$(inherited)",
				);
				INFOPLIST_FILE = MAppingTests/Info.plist;
				LD_RUNPATH_SEARCH_PATHS = "$(inherited) @executable_path/Frameworks @loader_path/Frameworks";
				PRODUCT_BUNDLE_IDENTIFIER = "com.Adam-Nigon.$(PRODUCT_NAME:rfc1034identifier)";
				PRODUCT_NAME = "$(TARGET_NAME)";
				TEST_HOST = "$(BUILT_PRODUCTS_DIR)/MApping.app/MApping";
			};
			name = Release;
		};
/* End XCBuildConfiguration section */

/* Begin XCConfigurationList section */
		E0DA1B641AB38B0100D23CD7 /* Build configuration list for PBXProject "MApping" */ = {
			isa = XCConfigurationList;
			buildConfigurations = (
				E0DA1B8A1AB38B0100D23CD7 /* Debug */,
				E0DA1B8B1AB38B0100D23CD7 /* Release */,
			);
			defaultConfigurationIsVisible = 0;
			defaultConfigurationName = Release;
		};
		E0DA1B8C1AB38B0100D23CD7 /* Build configuration list for PBXNativeTarget "MApping" */ = {
			isa = XCConfigurationList;
			buildConfigurations = (
				E0DA1B8D1AB38B0100D23CD7 /* Debug */,
				E0DA1B8E1AB38B0100D23CD7 /* Release */,
			);
			defaultConfigurationIsVisible = 0;
			defaultConfigurationName = Release;
		};
		E0DA1B8F1AB38B0100D23CD7 /* Build configuration list for PBXNativeTarget "MAppingTests" */ = {
			isa = XCConfigurationList;
			buildConfigurations = (
				E0DA1B901AB38B0100D23CD7 /* Debug */,
				E0DA1B911AB38B0100D23CD7 /* Release */,
			);
			defaultConfigurationIsVisible = 0;
			defaultConfigurationName = Release;
		};
/* End XCConfigurationList section */
	};
	rootObject = E0DA1B611AB38B0100D23CD7 /* Project object */;
}
